Microsoft Visual Studio Solution File, Format Version 12.00
# Visual Studio Version 17
VisualStudioVersion = 17.5.2.0
MinimumVisualStudioVersion = 10.0.40219.1
Project("{FAE04EC0-301F-11D3-BF4B-00C04F79EFBC}") = "Aoc.CommonCS", "Aoc.CommonCS\Aoc.CommonCS.csproj", "{3A6F9BD7-103F-C3BA-FE65-7B16C0647A06}"
EndProject
Project("{FAE04EC0-301F-11D3-BF4B-00C04F79EFBC}") = "DayTemplateCS", "TemplateCS\DayTemplateCS.csproj", "{BD4E60AF-64EE-CC3F-E6AD-F6A758329A66}"
EndProject
Global
	GlobalSection(SolutionConfigurationPlatforms) = preSolution
		Debug|Any CPU = Debug|Any CPU
		Release|Any CPU = Release|Any CPU
	EndGlobalSection
	GlobalSection(ProjectConfigurationPlatforms) = postSolution
		{3A6F9BD7-103F-C3BA-FE65-7B16C0647A06}.Debug|Any CPU.ActiveCfg = Debug|Any CPU
		{3A6F9BD7-103F-C3BA-FE65-7B16C0647A06}.Debug|Any CPU.Build.0 = Debug|Any CPU
		{3A6F9BD7-103F-C3BA-FE65-7B16C0647A06}.Release|Any CPU.ActiveCfg = Release|Any CPU
		{3A6F9BD7-103F-C3BA-FE65-7B16C0647A06}.Release|Any CPU.Build.0 = Release|Any CPU
		{BD4E60AF-64EE-CC3F-E6AD-F6A758329A66}.Debug|Any CPU.ActiveCfg = Debug|Any CPU
		{BD4E60AF-64EE-CC3F-E6AD-F6A758329A66}.Debug|Any CPU.Build.0 = Debug|Any CPU
		{BD4E60AF-64EE-CC3F-E6AD-F6A758329A66}.Release|Any CPU.ActiveCfg = Release|Any CPU
		{BD4E60AF-64EE-CC3F-E6AD-F6A758329A66}.Release|Any CPU.Build.0 = Release|Any CPU
	EndGlobalSection
	GlobalSection(SolutionProperties) = preSolution
		HideSolutionNode = FALSE
	EndGlobalSection
	GlobalSection(ExtensibilityGlobals) = postSolution
		SolutionGuid = {56A93310-80DB-4166-9530-555FA1E69A8D}
	EndGlobalSection
EndGlobal
